
Microsoft Visual Studio Solution File, Format Version 12.00
# Visual Studio Version 16
VisualStudioVersion = 16.0.31005.135
MinimumVisualStudioVersion = 10.0.40219.1
Project("{FAE04EC0-301F-11D3-BF4B-00C04F79EFBC}") = "Employees and Salaries", "Employees and Salaries.csproj", "{A0383562-068C-4200-9B67-61AD399F3279}"
EndProject
Global
	GlobalSection(SolutionConfigurationPlatforms) = preSolution
		Debug|Any CPU = Debug|Any CPU
		Release|Any CPU = Release|Any CPU
	EndGlobalSection
	GlobalSection(ProjectConfigurationPlatforms) = postSolution
		{A0383562-068C-4200-9B67-61AD399F3279}.Debug|Any CPU.ActiveCfg = Debug|Any CPU
		{A0383562-068C-4200-9B67-61AD399F3279}.Debug|Any CPU.Build.0 = Debug|Any CPU
		{A0383562-068C-4200-9B67-61AD399F3279}.Release|Any CPU.ActiveCfg = Release|Any CPU
		{A0383562-068C-4200-9B67-61AD399F3279}.Release|Any CPU.Build.0 = Release|Any CPU
	EndGlobalSection
	GlobalSection(SolutionProperties) = preSolution
		HideSolutionNode = FALSE
	EndGlobalSection
	GlobalSection(ExtensibilityGlobals) = postSolution
		SolutionGuid = {9D513AD8-9B11-4BEA-B041-FBD3C871D11C}
	EndGlobalSection
EndGlobal
